[[package]]
category = "main"
description = "Screen-scraping library"
name = "beautifulsoup4"
optional = false
python-versions = "*"
version = "4.8.2"

[package.dependencies]
soupsieve = ">=1.2"

[[package]]
category = "main"
description = "httplib2 caching for requests"
name = "cachecontrol"
optional = false
python-versions = ">=2.7, !=3.0.*, !=3.1.*, !=3.2.*, !=3.3.*"
version = "0.12.6"

[package.dependencies]
msgpack = ">=0.5.2"
requests = "*"

[[package]]
category = "main"
description = "Extensible memoizing collections and decorators"
name = "cachetools"
optional = false
python-versions = "~=3.5"
version = "4.0.0"

[[package]]
category = "main"
description = "Python package for providing Mozilla's CA Bundle."
name = "certifi"
optional = false
python-versions = "*"
version = "2019.11.28"

[[package]]
category = "main"
description = "Foreign Function Interface for Python calling C code."
name = "cffi"
optional = false
python-versions = "*"
version = "1.13.2"

[package.dependencies]
pycparser = "*"

[[package]]
category = "main"
description = "Universal encoding detector for Python 2 and 3"
name = "chardet"
optional = false
python-versions = "*"
version = "3.0.4"

[[package]]
category = "main"
description = "Composable command line interface toolkit"
name = "click"
optional = false
python-versions = ">=2.7, !=3.0.*, !=3.1.*, !=3.2.*, !=3.3.*"
version = "7.0"

[[package]]
category = "main"
description = "cryptography is a package which provides cryptographic recipes and primitives to Python developers."
name = "cryptography"
optional = false
python-versions = ">=2.7,!=3.0.*,!=3.1.*,!=3.2.*,!=3.3.*"
version = "2.8"

[package.dependencies]
cffi = ">=1.8,<1.11.3 || >1.11.3"
six = ">=1.4.1"

[[package]]
category = "main"
description = "Firebase Admin Python SDK"
name = "firebase-admin"
optional = false
python-versions = ">=2.7, !=3.0.*, !=3.1.*, !=3.2.*, !=3.3.*"
version = "3.2.1"

[package.dependencies]
cachecontrol = ">=0.12.4"
google-api-core = ">=1.14.0,<2.0.0dev"
google-api-python-client = ">=1.7.8"
google-cloud-firestore = ">=1.4.0"
google-cloud-storage = ">=1.18.0"
six = ">=1.6.1"

[[package]]
category = "main"
description = "A simple framework for building complex web applications."
name = "flask"
optional = false
python-versions = ">=2.7, !=3.0.*, !=3.1.*, !=3.2.*, !=3.3.*, !=3.4.*"
version = "1.1.1"

[package.dependencies]
Jinja2 = ">=2.10.1"
Werkzeug = ">=0.15"
click = ">=5.1"
itsdangerous = ">=0.24"

[[package]]
category = "main"
description = "Clean single-source support for Python 3 and 2"
name = "future"
optional = false
python-versions = ">=2.6, !=3.0.*, !=3.1.*, !=3.2.*"
version = "0.18.2"

[[package]]
category = "main"
description = "GAX library for the Google Logging API"
name = "gax-google-logging-v2"
optional = false
python-versions = "*"
version = "0.8.3"

[package.dependencies]
google-gax = ">=0.12.5,<0.13.0"
googleapis-common-protos = ">=1.1.0"
grpc-google-logging-v2 = ">=0.8.1,<0.9.0"
oauth2client = ">=1.4.11"

[[package]]
category = "main"
description = "DEPRECATED"
name = "gax-google-pubsub-v1"
optional = false
python-versions = "*"
version = "0.8.3"

[package.dependencies]
google-gax = ">=0.12.5,<0.13.0"
googleapis-common-protos = ">=1.1.0"
grpc-google-pubsub-v1 = ">=0.8.1,<0.9.0"
oauth2client = ">=1.4.11"

[[package]]
category = "main"
description = "API Client library for Google Cloud"
name = "gcloud"
optional = false
python-versions = "*"
version = "0.18.3"

[package.dependencies]
gax-google-logging-v2 = ">=0.8.0,<0.9dev"
gax-google-pubsub-v1 = ">=0.8.0,<0.9dev"
google-gax = ">=0.12.3,<0.13dev"
googleapis-common-protos = "*"
grpc-google-logging-v2 = ">=0.8.0,<0.9dev"
grpc-google-pubsub-v1 = ">=0.8.0,<0.9dev"
grpcio = ">=1.0rc1"
httplib2 = ">=0.9.1"
oauth2client = ">=2.0.1"
protobuf = ">3.0.0.b2"
six = "*"

[[package]]
category = "main"
description = "Python bindings to the Google search engine."
name = "google"
optional = false
python-versions = "*"
version = "2.0.3"

[package.dependencies]
beautifulsoup4 = "*"

[[package]]
category = "main"
description = "Google API client core library"
name = "google-api-core"
optional = false
python-versions = ">=2.7,!=3.0.*,!=3.1.*,!=3.2.*,!=3.3.*"
version = "1.16.0"

[package.dependencies]
google-auth = ">=0.4.0,<2.0dev"
googleapis-common-protos = ">=1.6.0,<2.0dev"
protobuf = ">=3.4.0"
pytz = "*"
requests = ">=2.18.0,<3.0.0dev"
setuptools = ">=34.0.0"
six = ">=1.10.0"

[[package]]
category = "main"
description = "Google API Client Library for Python"
name = "google-api-python-client"
optional = false
python-versions = ">=2.7,!=3.0.*,!=3.1.*,!=3.2.*,!=3.3.*"
version = "1.7.11"

[package.dependencies]
google-auth = ">=1.4.1"
google-auth-httplib2 = ">=0.0.3"
httplib2 = ">=0.9.2,<1dev"
six = ">=1.6.1,<2dev"
uritemplate = ">=3.0.0,<4dev"

[[package]]
category = "main"
description = "Google Authentication Library"
name = "google-auth"
optional = false
python-versions = ">=2.7,!=3.0.*,!=3.1.*,!=3.2.*,!=3.3.*"
version = "1.11.0"

[package.dependencies]
cachetools = ">=2.0.0,<5.0"
pyasn1-modules = ">=0.2.1"
rsa = ">=3.1.4,<4.1"
setuptools = ">=40.3.0"
six = ">=1.9.0"

[[package]]
category = "main"
description = "Google Authentication Library: httplib2 transport"
name = "google-auth-httplib2"
optional = false
python-versions = "*"
version = "0.0.3"

[package.dependencies]
google-auth = "*"
httplib2 = ">=0.9.1"

[[package]]
category = "main"
description = "Google Cloud API client core library"
name = "google-cloud-core"
optional = false
python-versions = ">=2.7,!=3.0.*,!=3.1.*,!=3.2.*,!=3.3.*"
version = "1.3.0"

[package.dependencies]
google-api-core = ">=1.16.0,<2.0.0dev"

[[package]]
category = "main"
description = "Google Cloud Firestore API client library"
name = "google-cloud-firestore"
optional = false
python-versions = ">=2.7,!=3.0.*,!=3.1.*,!=3.2.*,!=3.3.*"
version = "1.6.1"

[package.dependencies]
google-api-core = ">=1.14.0,<2.0.0dev"
google-cloud-core = ">=1.0.3,<2.0dev"
pytz = "*"

[[package]]
category = "main"
description = "Google Cloud Storage API client library"
name = "google-cloud-storage"
optional = false
python-versions = ">=2.7,!=3.0.*,!=3.1.*,!=3.2.*,!=3.3.*"
version = "1.25.0"

[package.dependencies]
google-auth = ">=1.9.0,<2.0dev"
google-cloud-core = ">=1.2.0,<2.0dev"
google-resumable-media = ">=0.5.0,<0.6dev"

[[package]]
category = "main"
description = "Google API Extensions"
name = "google-gax"
optional = false
python-versions = "*"
version = "0.12.5"

[package.dependencies]
future = ">=0.15.2"
grpcio = ">=1.0rc1"
oauth2client = ">=1.5.2"
ply = "3.8"
protobuf = ">=3.0.0b3"

[[package]]
category = "main"
description = "Utilities for Google Media Downloads and Resumable Uploads"
name = "google-resumable-media"
optional = false
python-versions = ">=2.7,!=3.0.*,!=3.1.*,!=3.2.*,!=3.3.*"
version = "0.5.0"

[package.dependencies]
six = "*"

[[package]]
category = "main"
description = "Common protobufs used in Google APIs"
name = "googleapis-common-protos"
optional = false
python-versions = "*"
version = "1.51.0"

[package.dependencies]
protobuf = ">=3.6.0"

[[package]]
category = "main"
description = "GRPC library for the google-logging-v2 service"
name = "grpc-google-logging-v2"
optional = false
python-versions = "*"
version = "0.8.1"

[package.dependencies]
googleapis-common-protos = ">=1.1.0"
grpcio = ">=1.0rc1"
oauth2client = ">=1.4.11"

[[package]]
category = "main"
description = "GRPC library for the google-pubsub-v1 service"
name = "grpc-google-pubsub-v1"
optional = false
python-versions = "*"
version = "0.8.1"

[package.dependencies]
googleapis-common-protos = ">=1.1.0"
grpcio = ">=1.0rc1"
oauth2client = ">=1.4.11"

[[package]]
category = "main"
description = "HTTP/2-based RPC framework"
name = "grpcio"
optional = false
python-versions = "*"
version = "1.27.0rc2"

[package.dependencies]
six = ">=1.5.2"

[[package]]
category = "main"
description = "A comprehensive HTTP client library."
name = "httplib2"
optional = false
python-versions = "*"
version = "0.17.0"

[[package]]
category = "main"
description = "Internationalized Domain Names in Applications (IDNA)"
name = "idna"
optional = false
python-versions = ">=2.7, !=3.0.*, !=3.1.*, !=3.2.*, !=3.3.*"
version = "2.8"

[[package]]
category = "main"
description = "Various helpers to pass data to untrusted environments and back."
name = "itsdangerous"
optional = false
python-versions = ">=2.7, !=3.0.*, !=3.1.*, !=3.2.*, !=3.3.*"
version = "1.1.0"

[[package]]
category = "main"
description = "A very fast and expressive template engine."
name = "jinja2"
optional = false
python-versions = ">=2.7, !=3.0.*, !=3.1.*, !=3.2.*, !=3.3.*, !=3.4.*"
version = "2.11.1"

[package.dependencies]
MarkupSafe = ">=0.23"

[[package]]
category = "main"
description = "Implementation of JOSE Web standards"
name = "jwcrypto"
optional = false
python-versions = "*"
version = "0.6.0"

[package.dependencies]
cryptography = ">=1.5"

[[package]]
category = "main"
description = "JSON Web Token library for Python 3."
name = "jwt"
optional = false
python-versions = "*"
version = "0.6.1"

[package.dependencies]
cryptography = ">=2.2.2,<3"

[[package]]
category = "main"
description = "Safely add untrusted strings to HTML/XML markup."
name = "markupsafe"
optional = false
python-versions = ">=2.7,!=3.0.*,!=3.1.*,!=3.2.*,!=3.3.*"
version = "1.1.1"

[[package]]
category = "main"
description = "MessagePack (de)serializer."
name = "msgpack"
optional = false
python-versions = "*"
version = "0.6.2"

[[package]]
category = "main"
description = "OAuth 2.0 client library"
name = "oauth2client"
optional = false
python-versions = "*"
version = "4.1.3"

[package.dependencies]
httplib2 = ">=0.9.1"
pyasn1 = ">=0.1.7"
pyasn1-modules = ">=0.0.5"
rsa = ">=3.1.4"
six = ">=1.6.1"

[[package]]
category = "main"
description = "Python Imaging Library (Fork)"
name = "pillow"
optional = false
python-versions = ">=3.5"
version = "7.0.0"

[[package]]
category = "main"
description = "Python Lex & Yacc"
name = "ply"
optional = false
python-versions = "*"
version = "3.8"

[[package]]
category = "main"
description = "Protocol Buffers"
name = "protobuf"
optional = false
python-versions = "*"
version = "3.11.2"

[package.dependencies]
setuptools = "*"
six = ">=1.9"

[[package]]
category = "main"
description = "ASN.1 types and codecs"
name = "pyasn1"
optional = false
python-versions = "*"
version = "0.4.8"

[[package]]
category = "main"
description = "A collection of ASN.1-based protocols modules."
name = "pyasn1-modules"
optional = false
python-versions = "*"
version = "0.2.8"

[package.dependencies]
pyasn1 = ">=0.4.6,<0.5.0"

[[package]]
category = "main"
description = "C parser in Python"
name = "pycparser"
optional = false
python-versions = ">=2.7, !=3.0.*, !=3.1.*, !=3.2.*, !=3.3.*"
version = "2.19"

[[package]]
category = "main"
description = "Cryptographic modules for Python."
name = "pycrypto"
optional = false
python-versions = "*"
version = "2.6.1"

[[package]]
category = "main"
description = "A simple python wrapper for the Firebase API"
name = "pyrebase"
optional = false
python-versions = "*"
version = "3.0.18"

[package.dependencies]
gcloud = "*"
oauth2client = "*"
pycrypto = "*"
python-jwt = "*"
requests = "*"
requests-toolbelt = "*"
sseclient = "*"

[[package]]
category = "main"
description = "Module for generating and verifying JSON Web Tokens"
name = "python-jwt"
optional = false
python-versions = ">=2.7, !=3.0.*, !=3.1.*, !=3.2.*, !=3.3.*"
version = "3.2.5"

[package.dependencies]
jwcrypto = ">=0.6.0"

[[package]]
category = "main"
description = "World timezone definitions, modern and historical"
name = "pytz"
optional = false
python-versions = "*"
version = "2019.3"

[[package]]
category = "main"
description = "Python HTTP for Humans."
name = "requests"
optional = false
python-versions = ">=2.7, !=3.0.*, !=3.1.*, !=3.2.*, !=3.3.*, !=3.4.*"
version = "2.22.0"

[package.dependencies]
certifi = ">=2017.4.17"
chardet = ">=3.0.2,<3.1.0"
idna = ">=2.5,<2.9"
urllib3 = ">=1.21.1,<1.25.0 || >1.25.0,<1.25.1 || >1.25.1,<1.26"

[[package]]
category = "main"
description = "A utility belt for advanced users of python-requests"
name = "requests-toolbelt"
optional = false
python-versions = "*"
version = "0.9.1"

[package.dependencies]
requests = ">=2.0.1,<3.0.0"

[[package]]
category = "main"
description = "Your friendly neighborhood web scraper"
name = "robobrowser"
optional = false
python-versions = "*"
version = "0.5.3"

[package.dependencies]
Werkzeug = ">=0.10.4"
beautifulsoup4 = ">=4.3.2"
requests = ">=2.6.0"
six = ">=1.9.0"

[[package]]
category = "main"
description = "Pure-Python RSA implementation"
name = "rsa"
optional = false
python-versions = "*"
version = "4.0"

[package.dependencies]
pyasn1 = ">=0.1.3"

[[package]]
category = "main"
description = "Python 2 and 3 compatibility utilities"
name = "six"
optional = false
python-versions = ">=2.7, !=3.0.*, !=3.1.*, !=3.2.*"
version = "1.14.0"

[[package]]
category = "main"
description = "A modern CSS selector implementation for Beautiful Soup."
name = "soupsieve"
optional = false
python-versions = "*"
version = "1.9.5"

[[package]]
category = "main"
description = "Python client library for reading Server Sent Event streams."
name = "sseclient"
optional = false
python-versions = "*"
version = "0.0.24"

[package.dependencies]
requests = ">=2.9"
six = "*"

[[package]]
category = "main"
description = "URI templates"
name = "uritemplate"
optional = false
python-versions = ">=2.7, !=3.0.*, !=3.1.*, !=3.2.*, !=3.3.*"
version = "3.0.1"

[[package]]
category = "main"
description = "HTTP library with thread-safe connection pooling, file post, and more."
name = "urllib3"
optional = false
python-versions = ">=2.7, !=3.0.*, !=3.1.*, !=3.2.*, !=3.3.*, !=3.4.*, <4"
version = "1.25.8"

[[package]]
category = "main"
description = "Virtual Python Environment builder"
name = "virtualenv"
optional = false
python-versions = "!=3.0.*,!=3.1.*,!=3.2.*,!=3.3.*,>=2.7"
version = "16.7.9"

[[package]]
category = "main"
description = "script to clone virtualenvs."
name = "virtualenv-clone"
optional = false
python-versions = ">=2.7, !=3.0.*, !=3.1.*, !=3.2.*, !=3.3.*"
version = "0.5.3"

[[package]]
category = "main"
description = "The comprehensive WSGI web application library."
name = "werkzeug"
optional = false
python-versions = ">=2.7, !=3.0.*, !=3.1.*, !=3.2.*, !=3.3.*"
version = "0.16.1"

[metadata]
content-hash = "906304d2b5ea909e85c7ad58785014ce54c2e3a42ae4bcc5d952a559d46fa88b"
python-versions = "^3.7"

[metadata.hashes]
beautifulsoup4 = ["05fd825eb01c290877657a56df4c6e4c311b3965bda790c613a3d6fb01a5462a", "9fbb4d6e48ecd30bcacc5b63b94088192dcda178513b2ae3c394229f8911b887", "e1505eeed31b0f4ce2dbb3bc8eb256c04cc2b3b72af7d551a4ab6efd5cbe5dae"]
cachecontrol = ["10d056fa27f8563a271b345207402a6dcce8efab7e5b377e270329c62471b10d", "be9aa45477a134aee56c8fac518627e1154df063e85f67d4f83ce0ccc23688e8"]
cachetools = ["9a52dd97a85f257f4e4127f15818e71a0c7899f121b34591fcc1173ea79a0198", "b304586d357c43221856be51d73387f93e2a961598a9b6b6670664746f3b6c6c"]
certifi = ["017c25db2a153ce562900032d5bc68e9f191e44e9a0f762f373977de9df1fbb3", "25b64c7da4cd7479594d035c08c2d809eb4aab3a26e5a990ea98cc450c320f1f"]
cffi = ["0b49274afc941c626b605fb59b59c3485c17dc776dc3cc7cc14aca74cc19cc42", "0e3ea92942cb1168e38c05c1d56b0527ce31f1a370f6117f1d490b8dcd6b3a04", "135f69aecbf4517d5b3d6429207b2dff49c876be724ac0c8bf8e1ea99df3d7e5", "19db0cdd6e516f13329cba4903368bff9bb5a9331d3410b1b448daaadc495e54", "2781e9ad0e9d47173c0093321bb5435a9dfae0ed6a762aabafa13108f5f7b2ba", "291f7c42e21d72144bb1c1b2e825ec60f46d0a7468f5346841860454c7aa8f57", "2c5e309ec482556397cb21ede0350c5e82f0eb2621de04b2633588d118da4396", "2e9c80a8c3344a92cb04661115898a9129c074f7ab82011ef4b612f645939f12", "32a262e2b90ffcfdd97c7a5e24a6012a43c61f1f5a57789ad80af1d26c6acd97", "3c9fff570f13480b201e9ab69453108f6d98244a7f495e91b6c654a47486ba43", "415bdc7ca8c1c634a6d7163d43fb0ea885a07e9618a64bda407e04b04333b7db", "42194f54c11abc8583417a7cf4eaff544ce0de8187abaf5d29029c91b1725ad3", "4424e42199e86b21fc4db83bd76909a6fc2a2aefb352cb5414833c030f6ed71b", "4a43c91840bda5f55249413037b7a9b79c90b1184ed504883b72c4df70778579", "599a1e8ff057ac530c9ad1778293c665cb81a791421f46922d80a86473c13346", "5c4fae4e9cdd18c82ba3a134be256e98dc0596af1e7285a3d2602c97dcfa5159", "5ecfa867dea6fabe2a58f03ac9186ea64da1386af2159196da51c4904e11d652", "62f2578358d3a92e4ab2d830cd1c2049c9c0d0e6d3c58322993cc341bdeac22e", "6471a82d5abea994e38d2c2abc77164b4f7fbaaf80261cb98394d5793f11b12a", "6d4f18483d040e18546108eb13b1dfa1000a089bcf8529e30346116ea6240506", "71a608532ab3bd26223c8d841dde43f3516aa5d2bf37b50ac410bb5e99053e8f", "74a1d8c85fb6ff0b30fbfa8ad0ac23cd601a138f7509dc617ebc65ef305bb98d", "7b93a885bb13073afb0aa73ad82059a4c41f4b7d8eb8368980448b52d4c7dc2c", "7d4751da932caaec419d514eaa4215eaf14b612cff66398dd51129ac22680b20", "7f627141a26b551bdebbc4855c1157feeef18241b4b8366ed22a5c7d672ef858", "8169cf44dd8f9071b2b9248c35fc35e8677451c52f795daa2bb4643f32a540bc", "aa00d66c0fab27373ae44ae26a66a9e43ff2a678bf63a9c7c1a9a4d61172827a", "ccb032fda0873254380aa2bfad2582aedc2959186cce61e3a17abc1a55ff89c3", "d754f39e0d1603b5b24a7f8484b22d2904fa551fe865fd0d4c3332f078d20d4e", "d75c461e20e29afc0aee7172a0950157c704ff0dd51613506bd7d82b718e7410", "dcd65317dd15bc0451f3e01c80da2216a31916bdcffd6221ca1202d96584aa25", "e570d3ab32e2c2861c4ebe6ffcad6a8abf9347432a37608fe1fbd157b3f0036b", "fd43a88e045cf992ed09fa724b5315b790525f2676883a6ea64e3263bae6549d"]
chardet = ["84ab92ed1c4d4f16916e05906b6b75a6c0fb5db821cc65e70cbd64a3e2a5eaae", "fc323ffcaeaed0e0a02bf4d117757b98aed530d9ed4531e3e15460124c106691"]
click = ["2335065e6395b9e67ca716de5f7526736bfa6ceead690adf616d925bdc622b13", "5b94b49521f6456670fdb30cd82a4eca9412788a93fa6dd6df72c94d5a8ff2d7"]
cryptography = ["02079a6addc7b5140ba0825f542c0869ff4df9a69c360e339ecead5baefa843c", "1df22371fbf2004c6f64e927668734070a8953362cd8370ddd336774d6743595", "369d2346db5934345787451504853ad9d342d7f721ae82d098083e1f49a582ad", "3cda1f0ed8747339bbdf71b9f38ca74c7b592f24f65cdb3ab3765e4b02871651", "44ff04138935882fef7c686878e1c8fd80a723161ad6a98da31e14b7553170c2", "4b1030728872c59687badcca1e225a9103440e467c17d6d1730ab3d2d64bfeff", "58363dbd966afb4f89b3b11dfb8ff200058fbc3b947507675c19ceb46104b48d", "6ec280fb24d27e3d97aa731e16207d58bd8ae94ef6eab97249a2afe4ba643d42", "7270a6c29199adc1297776937a05b59720e8a782531f1f122f2eb8467f9aab4d", "73fd30c57fa2d0a1d7a49c561c40c2f79c7d6c374cc7750e9ac7c99176f6428e", "7f09806ed4fbea8f51585231ba742b58cbcfbfe823ea197d8c89a5e433c7e912", "90df0cc93e1f8d2fba8365fb59a858f51a11a394d64dbf3ef844f783844cc793", "971221ed40f058f5662a604bd1ae6e4521d84e6cad0b7b170564cc34169c8f13", "a518c153a2b5ed6b8cc03f7ae79d5ffad7315ad4569b2d5333a13c38d64bd8d7", "b0de590a8b0979649ebeef8bb9f54394d3a41f66c5584fff4220901739b6b2f0", "b43f53f29816ba1db8525f006fa6f49292e9b029554b3eb56a189a70f2a40879", "d31402aad60ed889c7e57934a03477b572a03af7794fa8fb1780f21ea8f6551f", "de96157ec73458a7f14e3d26f17f8128c959084931e8997b9e655a39c8fde9f9", "df6b4dca2e11865e6cfbfb708e800efb18370f5a46fd601d3755bc7f85b3a8a2", "ecadccc7ba52193963c0475ac9f6fa28ac01e01349a2ca48509667ef41ffd2cf", "fb81c17e0ebe3358486cd8cc3ad78adbae58af12fc2bf2bc0bb84e8090fa5ce8"]
firebase-admin = ["2e9341e2f01d31f8cde0c39a58e34ff0804dc4fa1d3cfe5a5c4043da13098fe0", "6ea46130bb2585f09c74cff030670effd7cadcc1e060ae4c92a78ccefb4ffa26"]
flask = ["13f9f196f330c7c2c5d7a5cf91af894110ca0215ac051b5844701f2bfd934d52", "45eb5a6fd193d6cf7e0cf5d8a5b31f83d5faae0293695626f539a823e93b13f6"]
future = ["b1bead90b70cf6ec3f0710ae53a525360fa360d306a86583adc6bf83a4db537d"]
gax-google-logging-v2 = ["c36cbb93e070b3b535e9fffff6879efe447e525dff75b62eb4564def515e1a18"]
gax-google-pubsub-v1 = ["943df4aa05cf0302fa1616197d05e29adb62be2c0f55f80d8345439d72471526"]
gcloud = ["0af2dec59fce20561752f86e42d981c6a255e306a6c5e5d1fa3d358a8857e4fb"]
google = ["c03517e6f9eec7a03c07b864f9a64384fd4bc1efce9034d42e3f90addc9fe4ee", "ff7d997dbf33be666ed5deb8c5abf5d103c27ec199559b6d994923469e26bb48"]
google-api-core = ["859f7392676761f2b160c6ee030c3422135ada4458f0948c5690a6a7c8d86294", "92e962a087f1c4b8d1c5c88ade1c1dfd550047dcffb320c57ef6a534a20403e2"]
google-api-python-client = ["3121d55d106ef1a2756e8074239512055bd99eb44da417b3dd680f9a1385adec", "a8a88174f66d92aed7ebbd73744c2c319b4b1ce828e565f9ec721352d2e2fb8c"]
google-auth = ["44549e69ac39acf41fdf47f3f39a06e4e68378476806760d94a2c6a361b2bb06", "b2d83edc02a9deeed9b1b839046671fd9eda223d21bd2dd50051559787032fd8"]
google-auth-httplib2 = ["098fade613c25b4527b2c08fa42d11f3c2037dda8995d86de0745228e965d445", "f1c437842155680cf9918df9bc51c1182fda41feef88c34004bd1978c8157e08"]
google-cloud-core = ["6ae5c62931e8345692241ac1939b85a10d6c38dc9e2854bdbacb7e5ac3033229", "878f9ad080a40cdcec85b92242c4b5819eeb8f120ebc5c9f640935e24fc129d8"]
google-cloud-firestore = ["79ff9d491a8b02b7e9a3a176db6376980f7f1086d1118f6a956a7f98dbf8cd10", "a91b667d8fec2e5b1fdbc3045df6221c139987e76ff7f7ff38d8ecce2732b45e"]
google-cloud-storage = ["39897db862aebbc72f7261da240ccc96890d711b93a5c2f96d08a6875fe9c54c", "8e9505ad7ba356c0953acefc0cdfd41de0dd5f1df520d1cd5bb31bd34ee45373"]
google-gax = ["63312a04cb87ca50e857245f05c582b2171807a30e61cef85006b983bf659cb9"]
google-resumable-media = ["2a8fd188afe1cbfd5998bf20602f76b0336aa892de88fe842a806b9a3ed78d2a", "b86140d5a0b6d290084b11bde90ee9aecad357ba0e0d67388d016b8340320927"]
googleapis-common-protos = ["013c91704279119150e44ef770086fdbba158c1f978a6402167d47d5409e226e"]
grpc-google-logging-v2 = ["4b6b4e603860b134b2cb8732bb4d1f2cec963d553497dcf70b3f5ecc99d7fb4f"]
grpc-google-pubsub-v1 = ["ab5a3a239a9678012cdc00a9b9a8fe8c75fca9a0035da41da3078145e9d967b9"]
grpcio = ["0a6153643bd02635a388682e18d02aa62d34be0886a6c799295bd2466d9e9594", "179a7b8e7d19b51e540c7c5d57bede38648d59cfe50212a91162b97cee557ffc", "1b4e5949e4b23ac02b428fd0b0010c7ff5d3198b77093127cdf60f2dbf99a30e", "1beee9ae4bc046456cd5c276fa54b682ab21a972cba14e3da11dbd6383b7f15e", "2448d39c89e5687a877ec6a6b0603c39bceb021aa159716e9c75a666e057cce0", "278ba9ac04ed7f1536b915d94b898310182270e29f7ba53211d7217c1d1d7150", "2c262f5c523df4940f2764b3c355b65ac1a985da9f17855da400b21807b3b104", "31136e7f74a4c3b5c38de610c697f4eebccee5bf0d7e75fa635726145d70a143", "39e182bb171bb05520363e433304a7a7cdc8b08029f41176048a862dd10a6684", "448300c427b56407dd774c3860db878963581485a222b12129214d09a04b9ede", "4a54e6acc6dd1cd451ed5185af62fa8c8825590631bdcb25ae74c30b4a3c32a1", "4a6db9ae79e957a474bdc36565269087244ac750645e409b8e384bd88074e85c", "5252e07cf0cde5f6d55ae30fc4fe47704c6791c0aa8987cc57d3e3d565af3187", "541c320013bff0290f36b7901045133ddbb2fc1674f2bb944ee03c3195cf1134", "56f194bb50708fec4d2c3955cd8cb588a44b955de8ff1cedfadadcc6b2fc5d96", "5e3da97f0911fb131b3e046883534e9d6d240e578a016f641d25f9ccbf621ed4", "8194b7dadd0958cc2bc16d208d33f1788ad6ac863f0b25f29638f361959851a9", "84bdcce68129da5b671b94965ab0f51c3697431cffa9c9ab5ced5b591c132044", "8905610214933f5a17ba4afbeefc2654c01f07ce0a670a6386105e4471be2eff", "a4a9858000dad38361cb8ebe4521219443f8cb0114abf477a0dd5e93085d4981", "ad56170db10a35bcdd3a36083c1e39476df5d1e2ac543d58f96f4599411bdcae", "b78069939793babb11cefcba3543e1655d95f336b0de64c51a74891572122f07", "c1b7ca4ae50bd4e155848cda9ae65ef8d4a806404798e81b2bf65c7efe85b9f3", "c47120731c8317ae04015b3aa6762b34d9122004c81bbaa640139cf29405aafd", "d492f0882a61ad25989d7fe9206988fe169aa3b18e7e2b212d2cbc00d0ba092d", "d924a6a32e7bbdd7ac5c85319358ceb02d50973d12f8c38ab4cf1f8d11b60d28", "dcab0f5512b745c3a584bc985b9f7e3e56ba52adf725743ec8f682608f63c9ce", "e255c60f58118c89ffb179e217dd455555f216d246e32855d85dbfe75e6cee4e", "e4bbc53704df31ea230f1b907c8825dea1ba2e98ea1e33a05f6b6c3f8021927a", "fa06f5eacba48dd27395785f2cb64d15f2c54c8daf2c2c1f1fce78003e3e6ed8", "ff6f993f72413d7f76e17792ae92e6380510910222a5d5fe7956f055af41204e"]
httplib2 = ["79751cc040229ec896aa01dced54de0cd0bf042f928e84d5761294422dde4454", "de96d0a49f46d0ee7e0aae80141d37b8fcd6a68fb05d02e0b82c128592dd8261"]
idna = ["c357b3f628cf53ae2c4c05627ecc484553142ca23264e593d327bcde5e9c3407", "ea8b7f6188e6fa117537c3df7da9fc686d485087abf6ac197f9c46432f7e4a3c"]
itsdangerous = ["321b033d07f2a4136d3ec762eac9f16a10ccd60f53c0c91af90217ace7ba1f19", "b12271b2047cb23eeb98c8b5622e2e5c5e9abd9784a153e9d8ef9cb4dd09d749"]
jinja2 = ["93187ffbc7808079673ef52771baa950426fd664d3aad1d0fa3e95644360e250", "b0eaf100007721b5c16c1fc1eecb87409464edc10469ddc9a22a27a99123be49"]
jwcrypto = ["a87ac0922d09d9a65011f76d99849f1fbad3d95439c7452cebf4ab0871c2b665", "e6c517d8998956e531f0a1c158b2f324c29a532a9c4b677bc30b3be14d60ad4d"]
jwt = ["f78e4c06370b23c643ad66192c80c0b36d4b1e8e2d6458f177a3962c90ee74d5"]
markupsafe = ["00bc623926325b26bb9605ae9eae8a215691f33cae5df11ca5424f06f2d1f473", "09027a7803a62ca78792ad89403b1b7a73a01c8cb65909cd876f7fcebd79b161", "09c4b7f37d6c648cb13f9230d847adf22f8171b1ccc4d5682398e77f40309235", "1027c282dad077d0bae18be6794e6b6b8c91d58ed8a8d89a89d59693b9131db5", "13d3144e1e340870b25e7b10b98d779608c02016d5184cfb9927a9f10c689f42", "24982cc2533820871eba85ba648cd53d8623687ff11cbb805be4ff7b4c971aff", "29872e92839765e546828bb7754a68c418d927cd064fd4708fab9fe9c8bb116b", "43a55c2930bbc139570ac2452adf3d70cdbb3cfe5912c71cdce1c2c6bbd9c5d1", "46c99d2de99945ec5cb54f23c8cd5689f6d7177305ebff350a58ce5f8de1669e", "500d4957e52ddc3351cabf489e79c91c17f6e0899158447047588650b5e69183", "535f6fc4d397c1563d08b88e485c3496cf5784e927af890fb3c3aac7f933ec66", "596510de112c685489095da617b5bcbbac7dd6384aeebeda4df6025d0256a81b", "62fe6c95e3ec8a7fad637b7f3d372c15ec1caa01ab47926cfdf7a75b40e0eac1", "6788b695d50a51edb699cb55e35487e430fa21f1ed838122d722e0ff0ac5ba15", "6dd73240d2af64df90aa7c4e7481e23825ea70af4b4922f8ede5b9e35f78a3b1", "717ba8fe3ae9cc0006d7c451f0bb265ee07739daf76355d06366154ee68d221e", "79855e1c5b8da654cf486b830bd42c06e8780cea587384cf6545b7d9ac013a0b", "7c1699dfe0cf8ff607dbdcc1e9b9af1755371f92a68f706051cc8c37d447c905", "88e5fcfb52ee7b911e8bb6d6aa2fd21fbecc674eadd44118a9cc3863f938e735", "8defac2f2ccd6805ebf65f5eeb132adcf2ab57aa11fdf4c0dd5169a004710e7d", "98c7086708b163d425c67c7a91bad6e466bb99d797aa64f965e9d25c12111a5e", "9add70b36c5666a2ed02b43b335fe19002ee5235efd4b8a89bfcf9005bebac0d", "9bf40443012702a1d2070043cb6291650a0841ece432556f784f004937f0f32c", "ade5e387d2ad0d7ebf59146cc00c8044acbd863725f887353a10df825fc8ae21", "b00c1de48212e4cc9603895652c5c410df699856a2853135b3967591e4beebc2", "b1282f8c00509d99fef04d8ba936b156d419be841854fe901d8ae224c59f0be5", "b2051432115498d3562c084a49bba65d97cf251f5a331c64a12ee7e04dacc51b", "ba59edeaa2fc6114428f1637ffff42da1e311e29382d81b339c1817d37ec93c6", "c8716a48d94b06bb3b2524c2b77e055fb313aeb4ea620c8dd03a105574ba704f", "cd5df75523866410809ca100dc9681e301e3c27567cf498077e8551b6d20e42f", "cdb132fc825c38e1aeec2c8aa9338310d29d337bebbd7baa06889d09a60a1fa2", "e249096428b3ae81b08327a63a485ad0878de3fb939049038579ac0ef61e17e7", "e8313f01ba26fbbe36c7be1966a7b7424942f670f38e666995b88d012765b9be"]
msgpack = ["0cc7ca04e575ba34fea7cfcd76039f55def570e6950e4155a4174368142c8e1b", "187794cd1eb73acccd528247e3565f6760bd842d7dc299241f830024a7dd5610", "1904b7cb65342d0998b75908304a03cb004c63ef31e16c8c43fee6b989d7f0d7", "229a0ccdc39e9b6c6d1033cd8aecd9c296823b6c87f0de3943c59b8bc7c64bee", "24149a75643aeaa81ece4259084d11b792308a6cf74e796cbb35def94c89a25a", "30b88c47e0cdb6062daed88ca283b0d84fa0d2ad6c273aa0788152a1c643e408", "32fea0ea3cd1ef820286863a6202dcfd62a539b8ec3edcbdff76068a8c2cc6ce", "355f7fd0f90134229eaeefaee3cf42e0afc8518e8f3cd4b25f541a7104dcb8f9", "4abdb88a9b67e64810fb54b0c24a1fd76b12297b4f7a1467d85a14dd8367191a", "757bd71a9b89e4f1db0622af4436d403e742506dbea978eba566815dc65ec895", "76df51492bc6fa6cc8b65d09efdb67cbba3cbfe55004c3afc81352af92b4a43c", "774f5edc3475917cd95fe593e625d23d8580f9b48b570d8853d06cac171cd170", "8a3ada8401736df2bf497f65589293a86c56e197a80ae7634ec2c3150a2f5082", "a06efd0482a1942aad209a6c18321b5e22d64eb531ea20af138b28172d8f35ba", "b24afc52e18dccc8c175de07c1d680bdf315844566f4952b5bedb908894bec79", "b8b4bd3dafc7b92608ae5462add1c8cc881851c2d4f5d8977fdea5b081d17f21", "c6e5024fc0cdf7f83b6624850309ddd7e06c48a75fa0d1c5173de4d93300eb19", "db7ff14abc73577b0bcbcf73ecff97d3580ecaa0fc8724babce21fdf3fe08ef6", "dedf54d72d9e7b6d043c244c8213fe2b8bbfe66874b9a65b39c4cc892dd99dd4", "ea3c2f859346fcd55fc46e96885301d9c2f7a36d453f5d8f2967840efa1e1830", "f0f47bafe9c9b8ed03e19a100a743662dd8c6d0135e684feea720a0d0046d116"]
oauth2client = ["b8a81cc5d60e2d364f0b1b98f958dbd472887acaf1a5b05e21c28c31a2d6d3ac", "d486741e451287f69568a4d26d70d9acd73a2bbfa275746c535b4209891cccc6"]
pillow = ["0a628977ac2e01ca96aaae247ec2bd38e729631ddf2221b4b715446fd45505be", "4d9ed9a64095e031435af120d3c910148067087541131e82b3e8db302f4c8946", "54ebae163e8412aff0b9df1e88adab65788f5f5b58e625dc5c7f51eaf14a6837", "5bfef0b1cdde9f33881c913af14e43db69815c7e8df429ceda4c70a5e529210f", "5f3546ceb08089cedb9e8ff7e3f6a7042bb5b37c2a95d392fb027c3e53a2da00", "5f7ae9126d16194f114435ebb79cc536b5682002a4fa57fa7bb2cbcde65f2f4d", "62a889aeb0a79e50ecf5af272e9e3c164148f4bd9636cc6bcfa182a52c8b0533", "7406f5a9b2fd966e79e6abdaf700585a4522e98d6559ce37fc52e5c955fade0a", "8453f914f4e5a3d828281a6628cf517832abfa13ff50679a4848926dac7c0358", "87269cc6ce1e3dee11f23fa515e4249ae678dbbe2704598a51cee76c52e19cda", "875358310ed7abd5320f21dd97351d62de4929b0426cdb1eaa904b64ac36b435", "8ac6ce7ff3892e5deaab7abaec763538ffd011f74dc1801d93d3c5fc541feee2", "91b710e3353aea6fc758cdb7136d9bbdcb26b53cefe43e2cba953ac3ee1d3313", "9d2ba4ed13af381233e2d810ff3bab84ef9f18430a9b336ab69eaf3cd24299ff", "a62ec5e13e227399be73303ff301f2865bf68657d15ea50b038d25fc41097317", "ab76e5580b0ed647a8d8d2d2daee170e8e9f8aad225ede314f684e297e3643c2", "bf4003aa538af3f4205c5fac56eacaa67a6dd81e454ffd9e9f055fff9f1bc614", "bf598d2e37cf8edb1a2f26ed3fb255191f5232badea4003c16301cb94ac5bdd0", "c18f70dc27cc5d236f10e7834236aff60aadc71346a5bc1f4f83a4b3abee6386", "c5ed816632204a2fc9486d784d8e0d0ae754347aba99c811458d69fcdfd2a2f9", "dc058b7833184970d1248135b8b0ab702e6daa833be14035179f2acb78ff5636", "ff3797f2f16bf9d17d53257612da84dd0758db33935777149b3334c01ff68865"]
ply = ["e7d1bdff026beb159c9942f7a17e102c375638d9478a7ecd4cc0c76afd8de0b8"]
protobuf = ["0329e86a397db2a83f9dcbe21d9be55a47f963cdabc893c3a24f4d3a8f117c37", "0a7219254afec0d488211f3d482d8ed57e80ae735394e584a98d8f30a8c88a36", "14d6ac53df9cb5bb87c4f91b677c1bc5cec9c0fd44327f367a3c9562de2877c4", "180fc364b42907a1d2afa183ccbeffafe659378c236b1ec3daca524950bb918d", "3d7a7d8d20b4e7a8f63f62de2d192cfd8b7a53c56caba7ece95367ca2b80c574", "3f509f7e50d806a434fe4a5fbf602516002a0f092889209fff7db82060efffc0", "4571da974019849201fc1ec6626b9cea54bd11b6bed140f8f737c0a33ea37de5", "557686c43fbd04f5f7c533f00feee9a37dcca7b5896e3ae3664a33864e6dd546", "56bd1d84fbf4505c7b73f04de987eef5682e5752c811141b0186a3809bfb396f", "680c668d00b5eff08b86aef9e5ba9a705e621ea05d39071cfea8e28cb2400946", "6b5b947dc8b3f2aec0eaad65b0b5113fcd642c358c31357c647da6281ee31104", "6e96dffaf4d0a9a329e528b353ba62fd9ef13599688723d96bc9c165d0b6871e", "919f0d6f6addc836d08658eba3b52be2e92fd3e76da3ce00c325d8e9826d17c7", "9c7b19c30cf0644afd0e4218b13f637ce54382fdcb1c8f75bf3e84e49a5f6d0a", "a2e6f57114933882ec701807f217df2fb4588d47f71f227c0a163446b930d507", "a6b970a2eccfcbabe1acf230fbf112face1c4700036c95e195f3554d7bcb04c1", "bc45641cbcdea068b67438244c926f9fd3e5cbdd824448a4a64370610df7c593", "d61b14a9090da77fe87e38ba4c6c43d3533dcbeb5d84f5474e7ac63c532dcc9c", "d6faf5dbefb593e127463f58076b62fcfe0784187be8fe1aa9167388f24a22a1"]
pyasn1 = ["014c0e9976956a08139dc0712ae195324a75e142284d5f87f1a87ee1b068a359", "03840c999ba71680a131cfaee6fab142e1ed9bbd9c693e285cc6aca0d555e576", "0458773cfe65b153891ac249bcf1b5f8f320b7c2ce462151f8fa74de8934becf", "08c3c53b75eaa48d71cf8c710312316392ed40899cb34710d092e96745a358b7", "39c7e2ec30515947ff4e87fb6f456dfc6e84857d34be479c9d4a4ba4bf46aa5d", "5c9414dcfede6e441f7e8f81b43b34e834731003427e5b09e4e00e3172a10f00", "6e7545f1a61025a4e58bb336952c5061697da694db1cae97b116e9c46abcf7c8", "78fa6da68ed2727915c4767bb386ab32cdba863caa7dbe473eaae45f9959da86", "7ab8a544af125fb704feadb008c99a88805126fb525280b2270bb25cc1d78a12", "99fcc3c8d804d1bc6d9a099921e39d827026409a58f2a720dcdb89374ea0c776", "aef77c9fb94a3ac588e87841208bdec464471d9871bd5050a287cc9a475cd0ba", "e89bf84b5437b532b0803ba5c9a5e054d21fec423a89952a74f87fa2c9b7bce2", "fec3e9d8e36808a28efb59b489e4528c10ad0f480e57dcc32b4de5c9d8c9fdf3"]
pyasn1-modules = ["0845a5582f6a02bb3e1bde9ecfc4bfcae6ec3210dd270522fee602365430c3f8", "0fe1b68d1e486a1ed5473f1302bd991c1611d319bba158e98b106ff86e1d7199", "15b7c67fabc7fc240d87fb9aabf999cf82311a6d6fb2c70d00d3d0604878c811", "426edb7a5e8879f1ec54a1864f16b882c2837bfd06eee62f2c982315ee2473ed", "65cebbaffc913f4fe9e4808735c95ea22d7a7775646ab690518c056784bc21b4", "905f84c712230b2c592c19470d3ca8d552de726050d1d1716282a1f6146be65e", "a50b808ffeb97cb3601dd25981f6b016cbb3d31fbf57a8b8a87428e6158d0c74", "a99324196732f53093a84c4369c996713eb8c89d360a496b599fb1a9c47fc3eb", "b80486a6c77252ea3a3e9b1e360bc9cf28eaac41263d173c032581ad2f20fe45", "c29a5e5cc7a3f05926aff34e097e84f8589cd790ce0ed41b67aed6857b26aafd", "cbac4bc38d117f2a49aeedec4407d23e8866ea4ac27ff2cf7fb3e5b570df19e0", "f39edd8c4ecaa4556e989147ebf219227e2cd2e8a43c7e7fcb1f1c18c5fd6a3d", "fe0644d9ab041506b62782e92b06b8c68cca799e1a9636ec398675459e031405"]
pycparser = ["a988718abfad80b6b157acce7bf130a30876d27603738ac39f140993246b25b3"]
pycrypto = ["f2ce1e989b272cfcb677616763e0a2e7ec659effa67a88aa92b3a65528f60a3c"]
pyrebase = ["91bbd2141535b095b9a28329f832a2bacde015316c4c12f6d6905d9d16ddb6fb", "cbd092583b235499a890f075f0c79640dfd2c6ba79a8646c4e7ea185b1082b30"]
python-jwt = ["0be9512ef85d7dc823f268b9cec556dcf397c0065a944b9bbe8eae70f15fec79", "9d9ad2043706bd7cdc6bd6ac262abc4966d24b04c481b1d7ab4c48f6d8ec7b26"]
pytz = ["1c557d7d0e871de1f5ccd5833f60fb2550652da6be2693c1e02300743d21500d", "b02c06db6cf09c12dd25137e563b31700d3b80fcc4ad23abb7a315f2789819be"]
requests = ["11e007a8a2aa0323f5a921e9e6a2d7e4e67d9877e85773fba9ba6419025cbeb4", "9cf5292fcd0f598c671cfc1e0d7d1a7f13bb8085e9a590f48c010551dc6c4b31"]
requests-toolbelt = ["380606e1d10dc85c3bd47bf5a6095f815ec007be7a8b69c878507068df059e6f", "968089d4584ad4ad7c171454f0a5c6dac23971e9472521ea3b6d49d610aa6fc0"]
robobrowser = ["31219acab41ca68adce928e5c1e04acebba4ceabeb447b9c5e408d7b30fee983"]
rsa = ["14ba45700ff1ec9eeb206a2ce76b32814958a98e372006c8fb76ba820211be66", "1a836406405730121ae9823e19c6e806c62bbad73f890574fff50efa4122c487"]
six = ["236bdbdce46e6e6a3d61a337c0f8b763ca1e8717c03b369e87a7ec7ce1319c0a", "8f3cd2e254d8f793e7f3d6d9df77b92252b52637291d0f0da013c76ea2724b6c"]
soupsieve = ["bdb0d917b03a1369ce964056fc195cfdff8819c40de04695a80bc813c3cfa1f5", "e2c1c5dee4a1c36bcb790e0fabd5492d874b8ebd4617622c4f6a731701060dda"]
sseclient = ["1b4c5119b9381cb6ddaf3236f3f7e1437a14e488d1ed61336873a839788481b0"]
uritemplate = ["07620c3f3f8eed1f12600845892b0e036a2420acf513c53f7de0abd911a5894f", "5af8ad10cec94f215e3f48112de2022e1d5a37ed427fbd88652fa908f2ab7cae"]
urllib3 = ["2f3db8b19923a873b3e5256dc9c2dedfa883e33d87c690d9c7913e1f40673cdc", "87716c2d2a7121198ebcb7ce7cccf6ce5e9ba539041cfbaeecfb641dc0bf6acc"]
virtualenv = ["0d62c70883c0342d59c11d0ddac0d954d0431321a41ab20851facf2b222598f3", "55059a7a676e4e19498f1aad09b8313a38fcc0cdbe4fdddc0e9b06946d21b4bb"]
virtualenv-clone = ["532f789a5c88adf339506e3ca03326f20ee82fd08ee5586b44dc859b5b4468c5", "c88ae171a11b087ea2513f260cdac9232461d8e9369bcd1dc143fc399d220557"]
werkzeug = ["1e0dedc2acb1f46827daa2e399c1485c8fa17c0d8e70b6b875b4e7f54bf408d2", "b353856d37dec59d6511359f97f6a4b2468442e454bd1c98298ddce53cac1f04"]
